
Microsoft Visual Studio Solution File, Format Version 12.00
# Visual Studio Version 17
VisualStudioVersion = 17.4.33103.184
MinimumVisualStudioVersion = 10.0.40219.1
Project("{9A19103F-16F7-4668-BE54-9A1E7A4F7556}") = "ifxApp", "ifxApp\ifxApp.csproj", "{ECEEB85C-1A79-43C8-87C4-91162B5BE67E}"
EndProject
Project("{FAE04EC0-301F-11D3-BF4B-00C04F79EFBC}") = "IfxAppTest", "IfxAppTest\IfxAppTest.csproj", "{80DEDC01-0221-4984-8EAB-635D51FB18A2}"
	ProjectSection(ProjectDependencies) = postProject
		{ECEEB85C-1A79-43C8-87C4-91162B5BE67E} = {ECEEB85C-1A79-43C8-87C4-91162B5BE67E}
	EndProjectSection
EndProject
Global
	GlobalSection(SolutionConfigurationPlatforms) = preSolution
		Debug|Any CPU = Debug|Any CPU
		Release|Any CPU = Release|Any CPU
	EndGlobalSection
	GlobalSection(ProjectConfigurationPlatforms) = postSolution
		{ECEEB85C-1A79-43C8-87C4-91162B5BE67E}.Debug|Any CPU.ActiveCfg = Debug|Any CPU
		{ECEEB85C-1A79-43C8-87C4-91162B5BE67E}.Debug|Any CPU.Build.0 = Debug|Any CPU
		{ECEEB85C-1A79-43C8-87C4-91162B5BE67E}.Release|Any CPU.ActiveCfg = Release|Any CPU
		{ECEEB85C-1A79-43C8-87C4-91162B5BE67E}.Release|Any CPU.Build.0 = Release|Any CPU
		{80DEDC01-0221-4984-8EAB-635D51FB18A2}.Debug|Any CPU.ActiveCfg = Debug|Any CPU
		{80DEDC01-0221-4984-8EAB-635D51FB18A2}.Debug|Any CPU.Build.0 = Debug|Any CPU
		{80DEDC01-0221-4984-8EAB-635D51FB18A2}.Release|Any CPU.ActiveCfg = Release|Any CPU
		{80DEDC01-0221-4984-8EAB-635D51FB18A2}.Release|Any CPU.Build.0 = Release|Any CPU
	EndGlobalSection
	GlobalSection(SolutionProperties) = preSolution
		HideSolutionNode = FALSE
	EndGlobalSection
	GlobalSection(ExtensibilityGlobals) = postSolution
		SolutionGuid = {0F51EDB5-ECCF-40EA-85A1-369C22B313CF}
	EndGlobalSection
EndGlobal
